
Microsoft Visual Studio Solution File, Format Version 12.00
# Visual Studio 14
VisualStudioVersion = 14.0.23107.0
MinimumVisualStudioVersion = 10.0.40219.1
Project("{FAE04EC0-301F-11D3-BF4B-00C04F79EFBC}") = "Kata.GildedRose.CSharp.Console", "src\Kata.GildedRose.CSharp.Console\Kata.GildedRose.CSharp.Console.csproj", "{43894AC7-C7E1-4160-92B1-F1B88F5DDAD2}"
EndProject
Project("{2150E333-8FDC-42A3-9474-1A3956D46DE8}") = "Solution Items", "Solution Items", "{711204F9-8673-47E6-9C47-AE36F8EEF532}"
	ProjectSection(SolutionItems) = preProject
		ActualWorklow.txt = ActualWorklow.txt
		MIT-LICENSE.txt = MIT-LICENSE.txt
		README.md = README.md
		SolutionWalkthrough.txt = SolutionWalkthrough.txt
	EndProjectSection
EndProject
Project("{2150E333-8FDC-42A3-9474-1A3956D46DE8}") = ".build", ".build", "{4581F597-C97D-4AF9-A477-B8958D3CF03E}"
	ProjectSection(SolutionItems) = preProject
		build.bat = build.bat
		tasks.ps1 = tasks.ps1
	EndProjectSection
EndProject
Project("{2150E333-8FDC-42A3-9474-1A3956D46DE8}") = "Tests", "Tests", "{7FF7ADD4-0B36-4B88-B013-07C4D98475DB}"
EndProject
Project("{FAE04EC0-301F-11D3-BF4B-00C04F79EFBC}") = "Kata.GildedRose.CSharp.Acceptance.Tests", "src\Kata.GildedRose.CSharp.Acceptance.Tests\Kata.GildedRose.CSharp.Acceptance.Tests.csproj", "{20C9ADAA-80CF-42EF-81A3-7F3D2142AD4D}"
EndProject
Global
	GlobalSection(SolutionConfigurationPlatforms) = preSolution
		Debug|Any CPU = Debug|Any CPU
		Release|Any CPU = Release|Any CPU
	EndGlobalSection
	GlobalSection(ProjectConfigurationPlatforms) = postSolution
		{43894AC7-C7E1-4160-92B1-F1B88F5DDAD2}.Debug|Any CPU.ActiveCfg = Debug|Any CPU
		{43894AC7-C7E1-4160-92B1-F1B88F5DDAD2}.Debug|Any CPU.Build.0 = Debug|Any CPU
		{43894AC7-C7E1-4160-92B1-F1B88F5DDAD2}.Release|Any CPU.ActiveCfg = Release|Any CPU
		{43894AC7-C7E1-4160-92B1-F1B88F5DDAD2}.Release|Any CPU.Build.0 = Release|Any CPU
		{20C9ADAA-80CF-42EF-81A3-7F3D2142AD4D}.Debug|Any CPU.ActiveCfg = Debug|Any CPU
		{20C9ADAA-80CF-42EF-81A3-7F3D2142AD4D}.Debug|Any CPU.Build.0 = Debug|Any CPU
		{20C9ADAA-80CF-42EF-81A3-7F3D2142AD4D}.Release|Any CPU.ActiveCfg = Release|Any CPU
		{20C9ADAA-80CF-42EF-81A3-7F3D2142AD4D}.Release|Any CPU.Build.0 = Release|Any CPU
	EndGlobalSection
	GlobalSection(SolutionProperties) = preSolution
		HideSolutionNode = FALSE
	EndGlobalSection
	GlobalSection(NestedProjects) = preSolution
		{20C9ADAA-80CF-42EF-81A3-7F3D2142AD4D} = {7FF7ADD4-0B36-4B88-B013-07C4D98475DB}
	EndGlobalSection
EndGlobal
